
Microsoft Visual Studio Solution File, Format Version 12.00
# Visual Studio Version 16
VisualStudioVersion = 25.0.1704.0
MinimumVisualStudioVersion = 10.0.40219.1
Project("{FAE04EC0-301F-11D3-BF4B-00C04F79EFBC}") = "lab_5", "lab_5.csproj", "{7F498703-4BEE-489F-8E1A-306E398BF1E4}"
EndProject
Global
	GlobalSection(SolutionConfigurationPlatforms) = preSolution
		Debug|Any CPU = Debug|Any CPU
		Release|Any CPU = Release|Any CPU
	EndGlobalSection
	GlobalSection(ProjectConfigurationPlatforms) = postSolution
		{7F498703-4BEE-489F-8E1A-306E398BF1E4}.Debug|Any CPU.ActiveCfg = Debug|Any CPU
		{7F498703-4BEE-489F-8E1A-306E398BF1E4}.Debug|Any CPU.Build.0 = Debug|Any CPU
		{7F498703-4BEE-489F-8E1A-306E398BF1E4}.Release|Any CPU.ActiveCfg = Release|Any CPU
		{7F498703-4BEE-489F-8E1A-306E398BF1E4}.Release|Any CPU.Build.0 = Release|Any CPU
	EndGlobalSection
	GlobalSection(SolutionProperties) = preSolution
		HideSolutionNode = FALSE
	EndGlobalSection
	GlobalSection(ExtensibilityGlobals) = postSolution
		SolutionGuid = {30057702-9FAD-409F-A4D4-A9C72C8915E0}
	EndGlobalSection
EndGlobal
